
Microsoft Visual Studio Solution File, Format Version 12.00
# Visual Studio Version 16
VisualStudioVersion = 16.0.30011.22
MinimumVisualStudioVersion = 10.0.40219.1
Project("{8BC9CEB8-8B4A-11D0-8D11-00A0C91BC942}") = "QuizProgram", "QuizProgram\QuizProgram.vcxproj", "{B7DCFA20-4283-4EE4-A4A7-39171BE0E657}"
EndProject
Global
	GlobalSection(SolutionConfigurationPlatforms) = preSolution
		Debug|x64 = Debug|x64
		Debug|x86 = Debug|x86
		Release|x64 = Release|x64
		Release|x86 = Release|x86
	EndGlobalSection
	GlobalSection(ProjectConfigurationPlatforms) = postSolution
		{B7DCFA20-4283-4EE4-A4A7-39171BE0E657}.Debug|x64.ActiveCfg = Debug|x64
		{B7DCFA20-4283-4EE4-A4A7-39171BE0E657}.Debug|x64.Build.0 = Debug|x64
		{B7DCFA20-4283-4EE4-A4A7-39171BE0E657}.Debug|x86.ActiveCfg = Debug|Win32
		{B7DCFA20-4283-4EE4-A4A7-39171BE0E657}.Debug|x86.Build.0 = Debug|Win32
		{B7DCFA20-4283-4EE4-A4A7-39171BE0E657}.Release|x64.ActiveCfg = Release|x64
		{B7DCFA20-4283-4EE4-A4A7-39171BE0E657}.Release|x64.Build.0 = Release|x64
		{B7DCFA20-4283-4EE4-A4A7-39171BE0E657}.Release|x86.ActiveCfg = Release|Win32
		{B7DCFA20-4283-4EE4-A4A7-39171BE0E657}.Release|x86.Build.0 = Release|Win32
	EndGlobalSection
	GlobalSection(SolutionProperties) = preSolution
		HideSolutionNode = FALSE
	EndGlobalSection
	GlobalSection(ExtensibilityGlobals) = postSolution
		SolutionGuid = {43681408-7EED-40D2-8008-472DD0A39E39}
	EndGlobalSection
EndGlobal
